
Microsoft Visual Studio Solution File, Format Version 12.00
# Visual Studio Version 17
VisualStudioVersion = 17.4.33213.308
MinimumVisualStudioVersion = 10.0.40219.1
Project("{9A19103F-16F7-4668-BE54-9A1E7A4F7556}") = "Example.API.Web", "Example.API.Pipelines\Example.API.Web.csproj", "{17DD69E4-7DEB-49A5-AAF8-E6DAF41E6BC8}"
EndProject
Project("{FAE04EC0-301F-11D3-BF4B-00C04F79EFBC}") = "Example.API.Application", "Example.API.Application\Example.API.Application.csproj", "{1D0B23AD-8840-4ED5-970C-8E3DB629B96E}"
EndProject
Global
	GlobalSection(SolutionConfigurationPlatforms) = preSolution
		Debug|Any CPU = Debug|Any CPU
		Release|Any CPU = Release|Any CPU
	EndGlobalSection
	GlobalSection(ProjectConfigurationPlatforms) = postSolution
		{17DD69E4-7DEB-49A5-AAF8-E6DAF41E6BC8}.Debug|Any CPU.ActiveCfg = Debug|Any CPU
		{17DD69E4-7DEB-49A5-AAF8-E6DAF41E6BC8}.Debug|Any CPU.Build.0 = Debug|Any CPU
		{17DD69E4-7DEB-49A5-AAF8-E6DAF41E6BC8}.Release|Any CPU.ActiveCfg = Release|Any CPU
		{17DD69E4-7DEB-49A5-AAF8-E6DAF41E6BC8}.Release|Any CPU.Build.0 = Release|Any CPU
		{1D0B23AD-8840-4ED5-970C-8E3DB629B96E}.Debug|Any CPU.ActiveCfg = Debug|Any CPU
		{1D0B23AD-8840-4ED5-970C-8E3DB629B96E}.Debug|Any CPU.Build.0 = Debug|Any CPU
		{1D0B23AD-8840-4ED5-970C-8E3DB629B96E}.Release|Any CPU.ActiveCfg = Release|Any CPU
		{1D0B23AD-8840-4ED5-970C-8E3DB629B96E}.Release|Any CPU.Build.0 = Release|Any CPU
	EndGlobalSection
	GlobalSection(SolutionProperties) = preSolution
		HideSolutionNode = FALSE
	EndGlobalSection
	GlobalSection(ExtensibilityGlobals) = postSolution
		SolutionGuid = {CA3D16D0-3281-4389-82B9-ABA851F76A3A}
	EndGlobalSection
EndGlobal
